
Microsoft Visual Studio Solution File, Format Version 12.00
# Visual Studio Version 16
VisualStudioVersion = 16.0.29728.190
MinimumVisualStudioVersion = 10.0.40219.1
Project("{2150E333-8FDC-42A3-9474-1A3956D46DE8}") = "src", "src", "{212DBE03-2593-46B3-8DEE-8B9C31CCC489}"
EndProject
Project("{9A19103F-16F7-4668-BE54-9A1E7A4F7556}") = "WebUI", "src\WebUI\WebUI.csproj", "{23B3EEBE-F799-4247-9666-40C388A57A4D}"
EndProject
Project("{2150E333-8FDC-42A3-9474-1A3956D46DE8}") = "tests", "tests", "{3E90D00C-AF1D-43F3-8021-17E48E32FFD7}"
EndProject
Project("{9A19103F-16F7-4668-BE54-9A1E7A4F7556}") = "WebUI.Tests", "tests\WebUI.Tests\WebUI.Tests.csproj", "{C7628263-247F-4DDA-BD3F-5F762730B846}"
EndProject
Global
	GlobalSection(SolutionConfigurationPlatforms) = preSolution
		Debug|Any CPU = Debug|Any CPU
		Release|Any CPU = Release|Any CPU
	EndGlobalSection
	GlobalSection(ProjectConfigurationPlatforms) = postSolution
		{23B3EEBE-F799-4247-9666-40C388A57A4D}.Debug|Any CPU.ActiveCfg = Debug|Any CPU
		{23B3EEBE-F799-4247-9666-40C388A57A4D}.Debug|Any CPU.Build.0 = Debug|Any CPU
		{23B3EEBE-F799-4247-9666-40C388A57A4D}.Release|Any CPU.ActiveCfg = Release|Any CPU
		{23B3EEBE-F799-4247-9666-40C388A57A4D}.Release|Any CPU.Build.0 = Release|Any CPU
		{C7628263-247F-4DDA-BD3F-5F762730B846}.Debug|Any CPU.ActiveCfg = Debug|Any CPU
		{C7628263-247F-4DDA-BD3F-5F762730B846}.Debug|Any CPU.Build.0 = Debug|Any CPU
		{C7628263-247F-4DDA-BD3F-5F762730B846}.Release|Any CPU.ActiveCfg = Release|Any CPU
		{C7628263-247F-4DDA-BD3F-5F762730B846}.Release|Any CPU.Build.0 = Release|Any CPU
	EndGlobalSection
	GlobalSection(SolutionProperties) = preSolution
		HideSolutionNode = FALSE
	EndGlobalSection
	GlobalSection(NestedProjects) = preSolution
		{23B3EEBE-F799-4247-9666-40C388A57A4D} = {212DBE03-2593-46B3-8DEE-8B9C31CCC489}
		{C7628263-247F-4DDA-BD3F-5F762730B846} = {3E90D00C-AF1D-43F3-8021-17E48E32FFD7}
	EndGlobalSection
	GlobalSection(ExtensibilityGlobals) = postSolution
		SolutionGuid = {4AA7A33E-9967-4C1C-B338-2722617E7B01}
	EndGlobalSection
EndGlobal
